
Microsoft Visual Studio Solution File, Format Version 12.00
# Visual Studio Version 17
VisualStudioVersion = 17.4.33213.308
MinimumVisualStudioVersion = 10.0.40219.1
Project("{9A19103F-16F7-4668-BE54-9A1E7A4F7556}") = "UI.Console", "AM.UI.Console\UI.Console.csproj", "{09E42B9E-A75C-4F94-848B-AAC4542678C4}"
EndProject
Project("{9A19103F-16F7-4668-BE54-9A1E7A4F7556}") = "ApplicationCore", "AM.ApplicationCore\ApplicationCore.csproj", "{37B54B7A-EF6D-411B-9924-E74259576D83}"
EndProject
Project("{9A19103F-16F7-4668-BE54-9A1E7A4F7556}") = "Infrastructure", "AM.Infrastructure\Infrastructure.csproj", "{6CCDD001-11BC-411B-A8AB-75420D58A1E0}"
EndProject
Project("{FAE04EC0-301F-11D3-BF4B-00C04F79EFBC}") = "UI.WEB", "UI.WEB\UI.WEB.csproj", "{E6B0669E-AD30-4083-A174-5FD48117FCE9}"
EndProject
Global
	GlobalSection(SolutionConfigurationPlatforms) = preSolution
		Debug|Any CPU = Debug|Any CPU
		Release|Any CPU = Release|Any CPU
	EndGlobalSection
	GlobalSection(ProjectConfigurationPlatforms) = postSolution
		{09E42B9E-A75C-4F94-848B-AAC4542678C4}.Debug|Any CPU.ActiveCfg = Debug|Any CPU
		{09E42B9E-A75C-4F94-848B-AAC4542678C4}.Debug|Any CPU.Build.0 = Debug|Any CPU
		{09E42B9E-A75C-4F94-848B-AAC4542678C4}.Release|Any CPU.ActiveCfg = Release|Any CPU
		{09E42B9E-A75C-4F94-848B-AAC4542678C4}.Release|Any CPU.Build.0 = Release|Any CPU
		{37B54B7A-EF6D-411B-9924-E74259576D83}.Debug|Any CPU.ActiveCfg = Debug|Any CPU
		{37B54B7A-EF6D-411B-9924-E74259576D83}.Debug|Any CPU.Build.0 = Debug|Any CPU
		{37B54B7A-EF6D-411B-9924-E74259576D83}.Release|Any CPU.ActiveCfg = Release|Any CPU
		{37B54B7A-EF6D-411B-9924-E74259576D83}.Release|Any CPU.Build.0 = Release|Any CPU
		{6CCDD001-11BC-411B-A8AB-75420D58A1E0}.Debug|Any CPU.ActiveCfg = Debug|Any CPU
		{6CCDD001-11BC-411B-A8AB-75420D58A1E0}.Debug|Any CPU.Build.0 = Debug|Any CPU
		{6CCDD001-11BC-411B-A8AB-75420D58A1E0}.Release|Any CPU.ActiveCfg = Release|Any CPU
		{6CCDD001-11BC-411B-A8AB-75420D58A1E0}.Release|Any CPU.Build.0 = Release|Any CPU
		{E6B0669E-AD30-4083-A174-5FD48117FCE9}.Debug|Any CPU.ActiveCfg = Debug|Any CPU
		{E6B0669E-AD30-4083-A174-5FD48117FCE9}.Debug|Any CPU.Build.0 = Debug|Any CPU
		{E6B0669E-AD30-4083-A174-5FD48117FCE9}.Release|Any CPU.ActiveCfg = Release|Any CPU
		{E6B0669E-AD30-4083-A174-5FD48117FCE9}.Release|Any CPU.Build.0 = Release|Any CPU
	EndGlobalSection
	GlobalSection(SolutionProperties) = preSolution
		HideSolutionNode = FALSE
	EndGlobalSection
	GlobalSection(ExtensibilityGlobals) = postSolution
		SolutionGuid = {938C7563-AA6B-4E55-A73C-8306115E7219}
	EndGlobalSection
EndGlobal
